
Microsoft Visual Studio Solution File, Format Version 11.00
# Visual Studio 2010
Project("{FAE04EC0-301F-11D3-BF4B-00C04F79EFBC}") = "Tennis", "Tennis\Tennis.csproj", "{DCBC087B-69ED-4557-AFEA-9BBA652B205B}"
EndProject
Project("{FAE04EC0-301F-11D3-BF4B-00C04F79EFBC}") = "Tennis.Tests", "Tennis.Tests\Tennis.Tests.csproj", "{5FE3348E-BBBE-4E24-BE10-6E2630E518AC}"
EndProject
Project("{2150E333-8FDC-42A3-9474-1A3956D46DE8}") = "Solution Items", "Solution Items", "{0986D8C9-CD5C-47F1-B38F-FB030A567892}"
	ProjectSection(SolutionItems) = preProject
		Local.testsettings = Local.testsettings
		Tennis.vsmdi = Tennis.vsmdi
		TraceAndTestImpact.testsettings = TraceAndTestImpact.testsettings
	EndProjectSection
EndProject
Global
	GlobalSection(TestCaseManagementSettings) = postSolution
		CategoryFile = Tennis.vsmdi
	EndGlobalSection
	GlobalSection(SolutionConfigurationPlatforms) = preSolution
		Debug|Any CPU = Debug|Any CPU
		Release|Any CPU = Release|Any CPU
	EndGlobalSection
	GlobalSection(ProjectConfigurationPlatforms) = postSolution
		{DCBC087B-69ED-4557-AFEA-9BBA652B205B}.Debug|Any CPU.ActiveCfg = Debug|Any CPU
		{DCBC087B-69ED-4557-AFEA-9BBA652B205B}.Debug|Any CPU.Build.0 = Debug|Any CPU
		{DCBC087B-69ED-4557-AFEA-9BBA652B205B}.Release|Any CPU.ActiveCfg = Release|Any CPU
		{DCBC087B-69ED-4557-AFEA-9BBA652B205B}.Release|Any CPU.Build.0 = Release|Any CPU
		{5FE3348E-BBBE-4E24-BE10-6E2630E518AC}.Debug|Any CPU.ActiveCfg = Debug|Any CPU
		{5FE3348E-BBBE-4E24-BE10-6E2630E518AC}.Debug|Any CPU.Build.0 = Debug|Any CPU
		{5FE3348E-BBBE-4E24-BE10-6E2630E518AC}.Release|Any CPU.ActiveCfg = Release|Any CPU
		{5FE3348E-BBBE-4E24-BE10-6E2630E518AC}.Release|Any CPU.Build.0 = Release|Any CPU
	EndGlobalSection
	GlobalSection(SolutionProperties) = preSolution
		HideSolutionNode = FALSE
	EndGlobalSection
EndGlobal
