
Microsoft Visual Studio Solution File, Format Version 12.00
# Visual Studio 2012
Project("{F2A71F9B-5D33-465A-A702-920D77279786}") = "RpnCalculator", "RpnCalculator\RpnCalculator.fsproj", "{DA1EA35B-8284-407D-BF98-0C9E00FFECE2}"
EndProject
Global
	GlobalSection(SolutionConfigurationPlatforms) = preSolution
		Debug|Any CPU = Debug|Any CPU
		Release|Any CPU = Release|Any CPU
	EndGlobalSection
	GlobalSection(ProjectConfigurationPlatforms) = postSolution
		{DA1EA35B-8284-407D-BF98-0C9E00FFECE2}.Debug|Any CPU.ActiveCfg = Debug|Any CPU
		{DA1EA35B-8284-407D-BF98-0C9E00FFECE2}.Debug|Any CPU.Build.0 = Debug|Any CPU
		{DA1EA35B-8284-407D-BF98-0C9E00FFECE2}.Release|Any CPU.ActiveCfg = Release|Any CPU
		{DA1EA35B-8284-407D-BF98-0C9E00FFECE2}.Release|Any CPU.Build.0 = Release|Any CPU
	EndGlobalSection
	GlobalSection(SolutionProperties) = preSolution
		HideSolutionNode = FALSE
	EndGlobalSection
EndGlobal
