
Microsoft Visual Studio Solution File, Format Version 11.00
# Visual Studio 2010
Project("{FAE04EC0-301F-11D3-BF4B-00C04F79EFBC}") = "Bowling", "Bowling\Bowling.csproj", "{B124665E-A71C-4967-8712-44094190895F}"
EndProject
Project("{FAE04EC0-301F-11D3-BF4B-00C04F79EFBC}") = "Bowling.Tests", "Bowling.Tests\Bowling.Tests.csproj", "{4CB8FC86-E8CA-4670-90CB-9B7DAAA0EF9C}"
EndProject
Project("{F2A71F9B-5D33-465A-A702-920D77279786}") = "Bowling.Calc", "Bowling.Calc\Bowling.Calc.fsproj", "{3CDF0B84-8453-415E-9EE0-D890B20A730E}"
EndProject
Global
	GlobalSection(SolutionConfigurationPlatforms) = preSolution
		Debug|Any CPU = Debug|Any CPU
		Release|Any CPU = Release|Any CPU
	EndGlobalSection
	GlobalSection(ProjectConfigurationPlatforms) = postSolution
		{B124665E-A71C-4967-8712-44094190895F}.Debug|Any CPU.ActiveCfg = Debug|Any CPU
		{B124665E-A71C-4967-8712-44094190895F}.Debug|Any CPU.Build.0 = Debug|Any CPU
		{B124665E-A71C-4967-8712-44094190895F}.Release|Any CPU.ActiveCfg = Release|Any CPU
		{B124665E-A71C-4967-8712-44094190895F}.Release|Any CPU.Build.0 = Release|Any CPU
		{4CB8FC86-E8CA-4670-90CB-9B7DAAA0EF9C}.Debug|Any CPU.ActiveCfg = Debug|Any CPU
		{4CB8FC86-E8CA-4670-90CB-9B7DAAA0EF9C}.Debug|Any CPU.Build.0 = Debug|Any CPU
		{4CB8FC86-E8CA-4670-90CB-9B7DAAA0EF9C}.Release|Any CPU.ActiveCfg = Release|Any CPU
		{4CB8FC86-E8CA-4670-90CB-9B7DAAA0EF9C}.Release|Any CPU.Build.0 = Release|Any CPU
		{3CDF0B84-8453-415E-9EE0-D890B20A730E}.Debug|Any CPU.ActiveCfg = Debug|Any CPU
		{3CDF0B84-8453-415E-9EE0-D890B20A730E}.Debug|Any CPU.Build.0 = Debug|Any CPU
		{3CDF0B84-8453-415E-9EE0-D890B20A730E}.Release|Any CPU.ActiveCfg = Release|Any CPU
		{3CDF0B84-8453-415E-9EE0-D890B20A730E}.Release|Any CPU.Build.0 = Release|Any CPU
	EndGlobalSection
	GlobalSection(SolutionProperties) = preSolution
		HideSolutionNode = FALSE
	EndGlobalSection
EndGlobal
